github.com/AnimusPEXUS/gojstools v0.0.0-20230722023205-6e88d74aa99c h1:OXKMao3S0DCKoJpenkEBXX5DDMUJFLxQeybGOtkgtcI=
github.com/AnimusPEXUS/gojstools v0.0.0-20230722023205-6e88d74aa99c/go.mod h1:XpL7KFUyIq1qF8rx748Q06wQKHkUKIXt0IH3ndwhEbo=
github.com/AnimusPEXUS/utils v0.0.0-20241025231329-8ad1c43cfbca h1:Ufs1/7vgU2y5iN+dquABqFcdkn6p/FMOd8HLpbFMZeE=
github.com/AnimusPEXUS/utils v0.0.0-20241025231329-8ad1c43cfbca/go.mod h1:eqiqg7gcnHUJnqaGi/PQroYhmiEAVIBIqhTkNk3LItM=
